
Microsoft Visual Studio Solution File, Format Version 12.00
# Visual Studio Version 17
VisualStudioVersion = 17.4.33110.190
MinimumVisualStudioVersion = 10.0.40219.1
Project("{FAE04EC0-301F-11D3-BF4B-00C04F79EFBC}") = "MvcSendEmailAzure", "MvcSendEmailAzure\MvcSendEmailAzure.csproj", "{486E55B7-7348-44DD-8287-56FF160CD6F7}"
EndProject
Global
	GlobalSection(SolutionConfigurationPlatforms) = preSolution
		Debug|Any CPU = Debug|Any CPU
		Release|Any CPU = Release|Any CPU
	EndGlobalSection
	GlobalSection(ProjectConfigurationPlatforms) = postSolution
		{486E55B7-7348-44DD-8287-56FF160CD6F7}.Debug|Any CPU.ActiveCfg = Debug|Any CPU
		{486E55B7-7348-44DD-8287-56FF160CD6F7}.Debug|Any CPU.Build.0 = Debug|Any CPU
		{486E55B7-7348-44DD-8287-56FF160CD6F7}.Release|Any CPU.ActiveCfg = Release|Any CPU
		{486E55B7-7348-44DD-8287-56FF160CD6F7}.Release|Any CPU.Build.0 = Release|Any CPU
	EndGlobalSection
	GlobalSection(SolutionProperties) = preSolution
		HideSolutionNode = FALSE
	EndGlobalSection
	GlobalSection(ExtensibilityGlobals) = postSolution
		SolutionGuid = {49CC1112-48FB-49E5-8DDF-041790C8B66B}
	EndGlobalSection
EndGlobal
